
Microsoft Visual Studio Solution File, Format Version 12.00
# Visual Studio Version 17
VisualStudioVersion = 17.10.34928.147
MinimumVisualStudioVersion = 10.0.40219.1
Project("{FAE04EC0-301F-11D3-BF4B-00C04F79EFBC}") = "Oppgave_Bossfight", "Oppgave_Bossfight\Oppgave_Bossfight.csproj", "{11568D33-AC04-4D15-8C3E-0F0EDD40F7DF}"
EndProject
Global
	GlobalSection(SolutionConfigurationPlatforms) = preSolution
		Debug|Any CPU = Debug|Any CPU
		Release|Any CPU = Release|Any CPU
	EndGlobalSection
	GlobalSection(ProjectConfigurationPlatforms) = postSolution
		{11568D33-AC04-4D15-8C3E-0F0EDD40F7DF}.Debug|Any CPU.ActiveCfg = Debug|Any CPU
		{11568D33-AC04-4D15-8C3E-0F0EDD40F7DF}.Debug|Any CPU.Build.0 = Debug|Any CPU
		{11568D33-AC04-4D15-8C3E-0F0EDD40F7DF}.Release|Any CPU.ActiveCfg = Release|Any CPU
		{11568D33-AC04-4D15-8C3E-0F0EDD40F7DF}.Release|Any CPU.Build.0 = Release|Any CPU
	EndGlobalSection
	GlobalSection(SolutionProperties) = preSolution
		HideSolutionNode = FALSE
	EndGlobalSection
	GlobalSection(ExtensibilityGlobals) = postSolution
		SolutionGuid = {E29D6B78-70D3-4360-857B-30E923269CA1}
	EndGlobalSection
EndGlobal
